<?xml version="1.0" encoding="utf-8"?>
<Project ToolsVersion="4.0" xmlns="http://schemas.microsoft.com/developer/msbuild/2003">
  <ItemGroup>
    <Filter Include="Resource Files">
      <UniqueIdentifier>{D9D6E242-F8AF-46E4-B9FD-80ECBC20BA3E}</UniqueIdentifier>
      <Extensions>qrc;*</Extensions>
      <ParseFiles>false</ParseFiles>
    </Filter>
    <Filter Include="Resource Files">
      <UniqueIdentifier>{D9D6E242-F8AF-46E4-B9FD-80ECBC20BA3E}</UniqueIdentifier>
      <Extensions>qrc;*</Extensions>
      <ParseFiles>false</ParseFiles>
    </Filter>
    <Filter Include="Main">
      <UniqueIdentifier>{4FC737F1-C7A5-4376-A066-2A32D752A2FF}</UniqueIdentifier>
      <Extensions>cpp;c;cc;cxx;def;odl;idl;hpj;bat;asm;asmx</Extensions>
    </Filter>
    <Filter Include="View">
      <UniqueIdentifier>{34dbc7b3-1a78-4e7f-9894-93ddb1d953e4}</UniqueIdentifier>
    </Filter>
    <Filter Include="Model">
      <UniqueIdentifier>{7c3ad303-1d8f-455a-8da7-9c971a12767d}</UniqueIdentifier>
    </Filter>
    <Filter Include="Util">
      <UniqueIdentifier>{a9bb4417-f6f5-42d4-9af5-c975ce31b758}</UniqueIdentifier>
    </Filter>
    <Filter Include="Presentation">
      <UniqueIdentifier>{ae5cc9a0-c736-4806-b845-bfc13b9383ce}</UniqueIdentifier>
    </Filter>
  </ItemGroup>
  <ItemGroup>
    <ClCompile Include="main.cpp">
      <Filter>Main</Filter>
    </ClCompile>
    <ClCompile Include="d_dalbaragimapper.cpp">
      <Filter>Main</Filter>
    </ClCompile>
    <ClCompile Include="d_property_view.cpp">
      <Filter>View</Filter>
    </ClCompile>
    <ClCompile Include="d_graphics_view.cpp">
      <Filter>View</Filter>
    </ClCompile>
    <ClCompile Include="d_opengl.cpp">
      <Filter>Presentation</Filter>
    </ClCompile>
    <ClCompile Include="d_opengl_shader.cpp">
      <Filter>Presentation</Filter>
    </ClCompile>
    <ClCompile Include="d_opengl_renderunit.cpp">
      <Filter>Presentation</Filter>
    </ClCompile>
    <ClCompile Include="d_opengl_state.cpp">
      <Filter>Presentation</Filter>
    </ClCompile>
    <ClCompile Include="d_uniloc.cpp">
      <Filter>Presentation</Filter>
    </ClCompile>
    <ClCompile Include="d_meshgeo.cpp">
      <Filter>Model</Filter>
    </ClCompile>
    <ClCompile Include="d_scene.cpp">
      <Filter>Model</Filter>
    </ClCompile>
    <ClCompile Include="d_time.cpp">
      <Filter>Util</Filter>
    </ClCompile>
    <ClCompile Include="d_opengl_texture.cpp">
      <Filter>Presentation</Filter>
    </ClCompile>
    <ClCompile Include="d_sharedinfo.cpp">
      <Filter>Model</Filter>
    </ClCompile>
  </ItemGroup>
  <ItemGroup>
    <QtRcc Include="dalbaragimapper.qrc">
      <Filter>Resource Files</Filter>
    </QtRcc>
  </ItemGroup>
  <ItemGroup>
    <ResourceCompile Include="DalbaragiMapper.rc" />
  </ItemGroup>
  <ItemGroup>
    <ClInclude Include="d_property_view.h">
      <Filter>View</Filter>
    </ClInclude>
    <ClInclude Include="d_graphics_view.h">
      <Filter>View</Filter>
    </ClInclude>
    <ClInclude Include="d_opengl.h">
      <Filter>Presentation</Filter>
    </ClInclude>
    <ClInclude Include="d_opengl_shader.h">
      <Filter>Presentation</Filter>
    </ClInclude>
    <ClInclude Include="d_opengl_renderunit.h">
      <Filter>Presentation</Filter>
    </ClInclude>
    <ClInclude Include="d_opengl_state.h">
      <Filter>Presentation</Filter>
    </ClInclude>
    <ClInclude Include="d_uniloc.h">
      <Filter>Presentation</Filter>
    </ClInclude>
    <ClInclude Include="d_meshgeo.h">
      <Filter>Model</Filter>
    </ClInclude>
    <ClInclude Include="d_daldef.h">
      <Filter>Util</Filter>
    </ClInclude>
    <ClInclude Include="Fixed.h">
      <Filter>Util</Filter>
    </ClInclude>
    <ClInclude Include="d_scene.h">
      <Filter>Model</Filter>
    </ClInclude>
    <ClInclude Include="d_time.h">
      <Filter>Util</Filter>
    </ClInclude>
    <ClInclude Include="d_opengl_texture.h">
      <Filter>Presentation</Filter>
    </ClInclude>
    <ClInclude Include="d_sharedinfo.h">
      <Filter>Model</Filter>
    </ClInclude>
  </ItemGroup>
  <ItemGroup>
    <QtMoc Include="d_dalbaragimapper.h">
      <Filter>Main</Filter>
    </QtMoc>
  </ItemGroup>
</Project>