<?xml version="1.0" encoding="utf-8"?>
<Project ToolsVersion="4.0" xmlns="http://schemas.microsoft.com/developer/msbuild/2003">
  <ItemGroup>
    <ClCompile Include="..\..\LittleRulerAndroid\app\src\main\cpp\dalbaragi\g_actor.cpp">
      <Filter>Game</Filter>
    </ClCompile>
    <ClCompile Include="..\..\LittleRulerAndroid\app\src\main\cpp\dalbaragi\g_charastate.cpp">
      <Filter>Game</Filter>
    </ClCompile>
    <ClCompile Include="..\..\LittleRulerAndroid\app\src\main\cpp\dalbaragi\o_widget_textbox.cpp">
      <Filter>Overlay</Filter>
    </ClCompile>
    <ClCompile Include="..\..\LittleRulerAndroid\app\src\main\cpp\dalbaragi\o_widget_texview.cpp">
      <Filter>Overlay</Filter>
    </ClCompile>
    <ClCompile Include="..\..\LittleRulerAndroid\app\src\main\cpp\dalbaragi\o_widgetbase.cpp">
      <Filter>Overlay</Filter>
    </ClCompile>
    <ClCompile Include="..\..\LittleRulerAndroid\app\src\main\cpp\dalbaragi\o_widgetmanager.cpp">
      <Filter>Overlay</Filter>
    </ClCompile>
    <ClCompile Include="..\..\LittleRulerAndroid\app\src\main\cpp\dalbaragi\p_animation.cpp">
      <Filter>Presentation</Filter>
    </ClCompile>
    <ClCompile Include="..\..\LittleRulerAndroid\app\src\main\cpp\dalbaragi\p_dalopengl.cpp">
      <Filter>Presentation</Filter>
    </ClCompile>
    <ClCompile Include="..\..\LittleRulerAndroid\app\src\main\cpp\dalbaragi\p_light.cpp">
      <Filter>Presentation</Filter>
    </ClCompile>
    <ClCompile Include="..\..\LittleRulerAndroid\app\src\main\cpp\dalbaragi\p_meshStatic.cpp">
      <Filter>Presentation</Filter>
    </ClCompile>
    <ClCompile Include="..\..\LittleRulerAndroid\app\src\main\cpp\dalbaragi\p_render_master.cpp">
      <Filter>Presentation</Filter>
    </ClCompile>
    <ClCompile Include="..\..\LittleRulerAndroid\app\src\main\cpp\dalbaragi\p_resource.cpp">
      <Filter>Presentation</Filter>
    </ClCompile>
    <ClCompile Include="..\..\LittleRulerAndroid\app\src\main\cpp\dalbaragi\p_scene.cpp">
      <Filter>Presentation</Filter>
    </ClCompile>
    <ClCompile Include="..\..\LittleRulerAndroid\app\src\main\cpp\dalbaragi\p_shader_master.cpp">
      <Filter>Presentation</Filter>
    </ClCompile>
    <ClCompile Include="..\..\LittleRulerAndroid\app\src\main\cpp\dalbaragi\p_uniloc.cpp">
      <Filter>Presentation</Filter>
    </ClCompile>
    <ClCompile Include="..\..\LittleRulerAndroid\app\src\main\cpp\dalbaragi\p_water.cpp">
      <Filter>Presentation</Filter>
    </ClCompile>
    <ClCompile Include="..\..\LittleRulerAndroid\app\src\main\cpp\dalbaragi\s_configs.cpp">
      <Filter>Singleton</Filter>
    </ClCompile>
    <ClCompile Include="..\..\LittleRulerAndroid\app\src\main\cpp\dalbaragi\s_input_queue.cpp">
      <Filter>Singleton</Filter>
    </ClCompile>
    <ClCompile Include="..\..\LittleRulerAndroid\app\src\main\cpp\dalbaragi\s_logger_god.cpp">
      <Filter>Singleton</Filter>
    </ClCompile>
    <ClCompile Include="..\..\LittleRulerAndroid\app\src\main\cpp\dalbaragi\s_threader.cpp">
      <Filter>Singleton</Filter>
    </ClCompile>
    <ClCompile Include="..\..\LittleRulerAndroid\app\src\main\cpp\dalbaragi\u_dlbparser.cpp">
      <Filter>Utility</Filter>
    </ClCompile>
    <ClCompile Include="..\..\LittleRulerAndroid\app\src\main\cpp\dalbaragi\u_loadinfo.cpp">
      <Filter>Utility</Filter>
    </ClCompile>
    <ClCompile Include="..\..\LittleRulerAndroid\app\src\main\cpp\dalbaragi\u_luascript.cpp">
      <Filter>Utility</Filter>
    </ClCompile>
    <ClCompile Include="..\..\LittleRulerAndroid\app\src\main\cpp\dalbaragi\u_objparser.cpp">
      <Filter>Utility</Filter>
    </ClCompile>
    <ClCompile Include="..\..\LittleRulerAndroid\app\src\main\cpp\dalbaragi\u_timer.cpp">
      <Filter>Utility</Filter>
    </ClCompile>
    <ClCompile Include="main.cpp">
      <Filter>Main</Filter>
    </ClCompile>
    <ClCompile Include="..\..\LittleRulerAndroid\app\src\main\cpp\dalbaragi\x_init_windows.cpp">
      <Filter>Main</Filter>
    </ClCompile>
    <ClCompile Include="..\..\LittleRulerAndroid\app\src\main\cpp\dalbaragi\x_mainloop.cpp">
      <Filter>Main</Filter>
    </ClCompile>
    <ClCompile Include="..\..\LittleRulerAndroid\app\src\main\cpp\dalbaragi\m_collider.cpp">
      <Filter>Physics</Filter>
    </ClCompile>
    <ClCompile Include="..\..\LittleRulerAndroid\app\src\main\cpp\dalbaragi\c_input_apply.cpp">
      <Filter>Control</Filter>
    </ClCompile>
    <ClCompile Include="..\..\LittleRulerAndroid\app\src\main\cpp\dalbaragi\p_model.cpp">
      <Filter>Presentation</Filter>
    </ClCompile>
    <ClCompile Include="..\..\LittleRulerAndroid\app\src\main\cpp\dalbaragi\u_math.cpp">
      <Filter>Utility</Filter>
    </ClCompile>
    <ClCompile Include="..\..\LittleRulerAndroid\app\src\main\cpp\dalbaragi\o_widgetcache.cpp">
      <Filter>Overlay</Filter>
    </ClCompile>
    <ClCompile Include="..\..\LittleRulerAndroid\app\src\main\cpp\dalbaragi\u_byteutils.cpp">
      <Filter>Utility</Filter>
    </ClCompile>
    <ClCompile Include="..\..\LittleRulerAndroid\app\src\main\cpp\dalbaragi\u_filesystem.cpp">
      <Filter>Utility</Filter>
    </ClCompile>
    <ClCompile Include="..\..\LittleRulerAndroid\app\src\main\cpp\dalbaragi\u_fileutils.cpp">
      <Filter>Utility</Filter>
    </ClCompile>
    <ClCompile Include="..\..\LittleRulerAndroid\app\src\main\cpp\dalbaragi\u_imagebuf.cpp">
      <Filter>Utility</Filter>
    </ClCompile>
    <ClCompile Include="..\..\LittleRulerAndroid\app\src\main\cpp\dalbaragi\d_context_main.cpp">
      <Filter>Control</Filter>
    </ClCompile>
    <ClCompile Include="..\..\LittleRulerAndroid\app\src\main\cpp\dalbaragi\d_widgettext.cpp">
      <Filter>Overlay</Filter>
    </ClCompile>
  </ItemGroup>
  <ItemGroup>
    <Filter Include="Game">
      <UniqueIdentifier>{a425dac3-5b59-4a95-8460-1840d5039271}</UniqueIdentifier>
    </Filter>
    <Filter Include="Overlay">
      <UniqueIdentifier>{8252caaf-53de-44df-a88b-025e0a1ddb40}</UniqueIdentifier>
    </Filter>
    <Filter Include="Presentation">
      <UniqueIdentifier>{1778dbd7-d1b2-4394-bb38-a61770dcab76}</UniqueIdentifier>
    </Filter>
    <Filter Include="Singleton">
      <UniqueIdentifier>{513a6efe-c13f-4af9-8195-1eb2ebc592ee}</UniqueIdentifier>
    </Filter>
    <Filter Include="Utility">
      <UniqueIdentifier>{2a6260fd-3322-4ed5-ae46-2e0c73bcc00a}</UniqueIdentifier>
    </Filter>
    <Filter Include="Main">
      <UniqueIdentifier>{8473aee4-0927-4d22-aa0e-4dbf81c379eb}</UniqueIdentifier>
    </Filter>
    <Filter Include="Physics">
      <UniqueIdentifier>{75a1bbd7-9401-467d-832c-fdca48b84849}</UniqueIdentifier>
    </Filter>
    <Filter Include="Control">
      <UniqueIdentifier>{7e06975d-2fd2-4000-b55c-aaf54ea12ac8}</UniqueIdentifier>
    </Filter>
    <Filter Include="GLSL">
      <UniqueIdentifier>{7eba8e32-c1da-4384-bb77-eccfd00ab63c}</UniqueIdentifier>
    </Filter>
  </ItemGroup>
  <ItemGroup>
    <ClInclude Include="..\..\LittleRulerAndroid\app\src\main\cpp\dalbaragi\g_actor.h">
      <Filter>Game</Filter>
    </ClInclude>
    <ClInclude Include="..\..\LittleRulerAndroid\app\src\main\cpp\dalbaragi\g_charastate.h">
      <Filter>Game</Filter>
    </ClInclude>
    <ClInclude Include="..\..\LittleRulerAndroid\app\src\main\cpp\dalbaragi\o_widget_textbox.h">
      <Filter>Overlay</Filter>
    </ClInclude>
    <ClInclude Include="..\..\LittleRulerAndroid\app\src\main\cpp\dalbaragi\o_widget_texview.h">
      <Filter>Overlay</Filter>
    </ClInclude>
    <ClInclude Include="..\..\LittleRulerAndroid\app\src\main\cpp\dalbaragi\o_widgetbase.h">
      <Filter>Overlay</Filter>
    </ClInclude>
    <ClInclude Include="..\..\LittleRulerAndroid\app\src\main\cpp\dalbaragi\o_widgetmanager.h">
      <Filter>Overlay</Filter>
    </ClInclude>
    <ClInclude Include="..\..\LittleRulerAndroid\app\src\main\cpp\dalbaragi\p_animation.h">
      <Filter>Presentation</Filter>
    </ClInclude>
    <ClInclude Include="..\..\LittleRulerAndroid\app\src\main\cpp\dalbaragi\p_dalopengl.h">
      <Filter>Presentation</Filter>
    </ClInclude>
    <ClInclude Include="..\..\LittleRulerAndroid\app\src\main\cpp\dalbaragi\p_globalfsm.h">
      <Filter>Presentation</Filter>
    </ClInclude>
    <ClInclude Include="..\..\LittleRulerAndroid\app\src\main\cpp\dalbaragi\p_light.h">
      <Filter>Presentation</Filter>
    </ClInclude>
    <ClInclude Include="..\..\LittleRulerAndroid\app\src\main\cpp\dalbaragi\p_meshStatic.h">
      <Filter>Presentation</Filter>
    </ClInclude>
    <ClInclude Include="..\..\LittleRulerAndroid\app\src\main\cpp\dalbaragi\p_render_master.h">
      <Filter>Presentation</Filter>
    </ClInclude>
    <ClInclude Include="..\..\LittleRulerAndroid\app\src\main\cpp\dalbaragi\p_resource.h">
      <Filter>Presentation</Filter>
    </ClInclude>
    <ClInclude Include="..\..\LittleRulerAndroid\app\src\main\cpp\dalbaragi\p_scene.h">
      <Filter>Presentation</Filter>
    </ClInclude>
    <ClInclude Include="..\..\LittleRulerAndroid\app\src\main\cpp\dalbaragi\p_shader_master.h">
      <Filter>Presentation</Filter>
    </ClInclude>
    <ClInclude Include="..\..\LittleRulerAndroid\app\src\main\cpp\dalbaragi\p_uniloc.h">
      <Filter>Presentation</Filter>
    </ClInclude>
    <ClInclude Include="..\..\LittleRulerAndroid\app\src\main\cpp\dalbaragi\p_water.h">
      <Filter>Presentation</Filter>
    </ClInclude>
    <ClInclude Include="..\..\LittleRulerAndroid\app\src\main\cpp\dalbaragi\s_configs.h">
      <Filter>Singleton</Filter>
    </ClInclude>
    <ClInclude Include="..\..\LittleRulerAndroid\app\src\main\cpp\dalbaragi\s_input_queue.h">
      <Filter>Singleton</Filter>
    </ClInclude>
    <ClInclude Include="..\..\LittleRulerAndroid\app\src\main\cpp\dalbaragi\s_logchannel.h">
      <Filter>Singleton</Filter>
    </ClInclude>
    <ClInclude Include="..\..\LittleRulerAndroid\app\src\main\cpp\dalbaragi\s_logger_god.h">
      <Filter>Singleton</Filter>
    </ClInclude>
    <ClInclude Include="..\..\LittleRulerAndroid\app\src\main\cpp\dalbaragi\s_threader.h">
      <Filter>Singleton</Filter>
    </ClInclude>
    <ClInclude Include="..\..\LittleRulerAndroid\app\src\main\cpp\dalbaragi\u_dlbparser.h">
      <Filter>Utility</Filter>
    </ClInclude>
    <ClInclude Include="..\..\LittleRulerAndroid\app\src\main\cpp\dalbaragi\u_loadinfo.h">
      <Filter>Utility</Filter>
    </ClInclude>
    <ClInclude Include="..\..\LittleRulerAndroid\app\src\main\cpp\dalbaragi\u_luascript.h">
      <Filter>Utility</Filter>
    </ClInclude>
    <ClInclude Include="..\..\LittleRulerAndroid\app\src\main\cpp\dalbaragi\u_objparser.h">
      <Filter>Utility</Filter>
    </ClInclude>
    <ClInclude Include="..\..\LittleRulerAndroid\app\src\main\cpp\dalbaragi\u_pool.h">
      <Filter>Utility</Filter>
    </ClInclude>
    <ClInclude Include="..\..\LittleRulerAndroid\app\src\main\cpp\dalbaragi\u_strbuf.h">
      <Filter>Utility</Filter>
    </ClInclude>
    <ClInclude Include="..\..\LittleRulerAndroid\app\src\main\cpp\dalbaragi\u_timer.h">
      <Filter>Utility</Filter>
    </ClInclude>
    <ClInclude Include="..\..\LittleRulerAndroid\app\src\main\cpp\dalbaragi\x_init_windows.h">
      <Filter>Main</Filter>
    </ClInclude>
    <ClInclude Include="..\..\LittleRulerAndroid\app\src\main\cpp\dalbaragi\x_mainloop.h">
      <Filter>Main</Filter>
    </ClInclude>
    <ClInclude Include="..\..\LittleRulerAndroid\app\src\main\cpp\dalbaragi\m_collider.h">
      <Filter>Physics</Filter>
    </ClInclude>
    <ClInclude Include="..\..\LittleRulerAndroid\app\src\main\cpp\dalbaragi\c_input_apply.h">
      <Filter>Control</Filter>
    </ClInclude>
    <ClInclude Include="..\..\LittleRulerAndroid\app\src\main\cpp\dalbaragi\p_model.h">
      <Filter>Presentation</Filter>
    </ClInclude>
    <ClInclude Include="..\..\LittleRulerAndroid\app\src\main\cpp\dalbaragi\u_math.h">
      <Filter>Utility</Filter>
    </ClInclude>
    <ClInclude Include="..\..\LittleRulerAndroid\app\src\main\cpp\dalbaragi\o_widgetcache.h">
      <Filter>Overlay</Filter>
    </ClInclude>
    <ClInclude Include="..\..\LittleRulerAndroid\app\src\main\cpp\dalbaragi\u_byteutils.h">
      <Filter>Utility</Filter>
    </ClInclude>
    <ClInclude Include="resource.h" />
    <ClInclude Include="..\..\LittleRulerAndroid\app\src\main\cpp\dalbaragi\u_filesystem.h">
      <Filter>Utility</Filter>
    </ClInclude>
    <ClInclude Include="..\..\LittleRulerAndroid\app\src\main\cpp\dalbaragi\u_fileutils.h">
      <Filter>Utility</Filter>
    </ClInclude>
    <ClInclude Include="..\..\LittleRulerAndroid\app\src\main\cpp\dalbaragi\u_imagebuf.h">
      <Filter>Utility</Filter>
    </ClInclude>
    <ClInclude Include="..\..\LittleRulerAndroid\app\src\main\cpp\dalbaragi\d_context.h">
      <Filter>Control</Filter>
    </ClInclude>
    <ClInclude Include="..\..\LittleRulerAndroid\app\src\main\cpp\dalbaragi\d_context_main.h">
      <Filter>Control</Filter>
    </ClInclude>
    <ClInclude Include="..\..\LittleRulerAndroid\app\src\main\cpp\dalbaragi\d_widgettext.h">
      <Filter>Overlay</Filter>
    </ClInclude>
  </ItemGroup>
  <ItemGroup>
    <None Include="..\..\Resource\asset\glsl\depth.vert">
      <Filter>GLSL</Filter>
    </None>
    <None Include="..\..\Resource\asset\glsl\depthanime.frag">
      <Filter>GLSL</Filter>
    </None>
    <None Include="..\..\Resource\asset\glsl\depthanime.vert">
      <Filter>GLSL</Filter>
    </None>
    <None Include="..\..\Resource\asset\glsl\fillscreen.frag">
      <Filter>GLSL</Filter>
    </None>
    <None Include="..\..\Resource\asset\glsl\fillscreen.vert">
      <Filter>GLSL</Filter>
    </None>
    <None Include="..\..\Resource\asset\glsl\general.frag">
      <Filter>GLSL</Filter>
    </None>
    <None Include="..\..\Resource\asset\glsl\general.vert">
      <Filter>GLSL</Filter>
    </None>
    <None Include="..\..\Resource\asset\glsl\inter_lighting.frag">
      <Filter>GLSL</Filter>
    </None>
    <None Include="..\..\Resource\asset\glsl\overlay.frag">
      <Filter>GLSL</Filter>
    </None>
    <None Include="..\..\Resource\asset\glsl\overlay.vert">
      <Filter>GLSL</Filter>
    </None>
    <None Include="..\..\Resource\asset\glsl\skybox.frag">
      <Filter>GLSL</Filter>
    </None>
    <None Include="..\..\Resource\asset\glsl\skybox.vert">
      <Filter>GLSL</Filter>
    </None>
    <None Include="..\..\Resource\asset\glsl\water.frag">
      <Filter>GLSL</Filter>
    </None>
    <None Include="..\..\Resource\asset\glsl\water.vert">
      <Filter>GLSL</Filter>
    </None>
    <None Include="..\..\Resource\asset\glsl\animated.frag">
      <Filter>GLSL</Filter>
    </None>
    <None Include="..\..\Resource\asset\glsl\animated.vert">
      <Filter>GLSL</Filter>
    </None>
    <None Include="..\..\Resource\asset\glsl\depth.frag">
      <Filter>GLSL</Filter>
    </None>
    <None Include="..\..\Resource\asset\glsl\module_geometry.glsl">
      <Filter>GLSL</Filter>
    </None>
  </ItemGroup>
  <ItemGroup>
    <ResourceCompile Include="icon.rc" />
  </ItemGroup>
  <ItemGroup>
    <Image Include="icon1.ico" />
  </ItemGroup>
</Project>